<?xml version="1.0" encoding="UTF-8"?>
<Project ToolsVersion="15.0" xmlns="http://schemas.microsoft.com/developer/msbuild/2003">
  <ItemGroup>
    <CustomBuild Include="E:\Source\Anrinch\InfiniteSky\third-party\mongo-cxx-driver\CMakeLists.txt" />
    <CustomBuild Include="E:\Source\Anrinch\InfiniteSky\third-party\mongo-cxx-driver\vs2017\CMakeFiles\8a2e688df785046b90d665d4df209f30\doxygen-current.rule">
      <Filter>CMake Rules</Filter>
    </CustomBuild>
  </ItemGroup>
  <ItemGroup>
    <None Include="E:\Source\Anrinch\InfiniteSky\third-party\mongo-cxx-driver\vs2017\CMakeFiles\doxygen-current" />
  </ItemGroup>
  <ItemGroup>
    <Filter Include="CMake Rules">
      <UniqueIdentifier>{7F8A6DD9-E5FA-3B47-9185-6AC0265D047D}</UniqueIdentifier>
    </Filter>
  </ItemGroup>
</Project>
