Microsoft Visual Studio Solution File, Format Version 12.00
# Visual Studio 15
Project("{8BC9CEB8-8B4A-11D0-8D11-00A0C91BC942}") = "ALL_BUILD", "ALL_BUILD.vcxproj", "{3D9CBAFB-9504-3122-992B-428E5192F511}"
	ProjectSection(ProjectDependencies) = postProject
		{63F32FA1-3F34-3CA4-9AB2-7D613652A3DB} = {63F32FA1-3F34-3CA4-9AB2-7D613652A3DB}
		{FB1789F8-EE47-3088-983A-60707E24319D} = {FB1789F8-EE47-3088-983A-60707E24319D}
		{9605DC41-BC90-38D1-9C3F-5D18E1312B50} = {9605DC41-BC90-38D1-9C3F-5D18E1312B50}
		{CFC8DFA3-AE7A-3898-A59E-6A158EAF8E93} = {CFC8DFA3-AE7A-3898-A59E-6A158EAF8E93}
		{2DA6102C-B8E5-383D-A42F-67E4D3920164} = {2DA6102C-B8E5-383D-A42F-67E4D3920164}
		{94008999-F3A9-3294-8993-2FE69D393333} = {94008999-F3A9-3294-8993-2FE69D393333}
		{BA8C61C7-2815-358D-98AD-D22B42805E12} = {BA8C61C7-2815-358D-98AD-D22B42805E12}
		{49E70E8C-80B1-3399-9414-4A8CA5F37D19} = {49E70E8C-80B1-3399-9414-4A8CA5F37D19}
		{40D8C0ED-2E0A-3D7A-8D49-F06F3D434447} = {40D8C0ED-2E0A-3D7A-8D49-F06F3D434447}
		{AC0DE759-F1B2-3F39-A0F3-D8AC32E84C9F} = {AC0DE759-F1B2-3F39-A0F3-D8AC32E84C9F}
		{A1CDD244-A440-360E-874C-001B9D322875} = {A1CDD244-A440-360E-874C-001B9D322875}
	EndProjectSection
EndProject
Project("{8BC9CEB8-8B4A-11D0-8D11-00A0C91BC942}") = "INSTALL", "INSTALL.vcxproj", "{D64BADCD-3769-3AF6-90B5-9EADB026AE14}"
	ProjectSection(ProjectDependencies) = postProject
		{3D9CBAFB-9504-3122-992B-428E5192F511} = {3D9CBAFB-9504-3122-992B-428E5192F511}
		{63F32FA1-3F34-3CA4-9AB2-7D613652A3DB} = {63F32FA1-3F34-3CA4-9AB2-7D613652A3DB}
	EndProjectSection
EndProject
Project("{8BC9CEB8-8B4A-11D0-8D11-00A0C91BC942}") = "RUN_TESTS", "RUN_TESTS.vcxproj", "{60E2781F-CD18-3D79-A19A-F23A27E2F464}"
	ProjectSection(ProjectDependencies) = postProject
		{63F32FA1-3F34-3CA4-9AB2-7D613652A3DB} = {63F32FA1-3F34-3CA4-9AB2-7D613652A3DB}
	EndProjectSection
EndProject
Project("{8BC9CEB8-8B4A-11D0-8D11-00A0C91BC942}") = "ZERO_CHECK", "ZERO_CHECK.vcxproj", "{63F32FA1-3F34-3CA4-9AB2-7D613652A3DB}"
	ProjectSection(ProjectDependencies) = postProject
	EndProjectSection
EndProject
Project("{8BC9CEB8-8B4A-11D0-8D11-00A0C91BC942}") = "bsoncxx", "src\bsoncxx\bsoncxx.vcxproj", "{FB1789F8-EE47-3088-983A-60707E24319D}"
	ProjectSection(ProjectDependencies) = postProject
		{63F32FA1-3F34-3CA4-9AB2-7D613652A3DB} = {63F32FA1-3F34-3CA4-9AB2-7D613652A3DB}
	EndProjectSection
EndProject
Project("{8BC9CEB8-8B4A-11D0-8D11-00A0C91BC942}") = "bsoncxx_testing", "src\bsoncxx\bsoncxx_testing.vcxproj", "{9605DC41-BC90-38D1-9C3F-5D18E1312B50}"
	ProjectSection(ProjectDependencies) = postProject
		{63F32FA1-3F34-3CA4-9AB2-7D613652A3DB} = {63F32FA1-3F34-3CA4-9AB2-7D613652A3DB}
	EndProjectSection
EndProject
Project("{8BC9CEB8-8B4A-11D0-8D11-00A0C91BC942}") = "docs", "docs.vcxproj", "{D026891A-D554-34DA-84F6-08738AD93668}"
	ProjectSection(ProjectDependencies) = postProject
		{63F32FA1-3F34-3CA4-9AB2-7D613652A3DB} = {63F32FA1-3F34-3CA4-9AB2-7D613652A3DB}
		{7E4161FB-13C8-3599-972D-002FE7F88315} = {7E4161FB-13C8-3599-972D-002FE7F88315}
		{BFFA13D6-FB97-346C-A4B6-132FFBFAD867} = {BFFA13D6-FB97-346C-A4B6-132FFBFAD867}
	EndProjectSection
EndProject
Project("{8BC9CEB8-8B4A-11D0-8D11-00A0C91BC942}") = "docs_dir_current", "docs_dir_current.vcxproj", "{936C9F10-4576-3D86-9484-8656B53008F3}"
	ProjectSection(ProjectDependencies) = postProject
		{63F32FA1-3F34-3CA4-9AB2-7D613652A3DB} = {63F32FA1-3F34-3CA4-9AB2-7D613652A3DB}
	EndProjectSection
EndProject
Project("{8BC9CEB8-8B4A-11D0-8D11-00A0C91BC942}") = "doxygen-all", "doxygen-all.vcxproj", "{B5E3CAC2-9FF2-3A3D-8661-F7CAA39D4E4B}"
	ProjectSection(ProjectDependencies) = postProject
		{63F32FA1-3F34-3CA4-9AB2-7D613652A3DB} = {63F32FA1-3F34-3CA4-9AB2-7D613652A3DB}
	EndProjectSection
EndProject
Project("{8BC9CEB8-8B4A-11D0-8D11-00A0C91BC942}") = "doxygen-current", "doxygen-current.vcxproj", "{7E4161FB-13C8-3599-972D-002FE7F88315}"
	ProjectSection(ProjectDependencies) = postProject
		{63F32FA1-3F34-3CA4-9AB2-7D613652A3DB} = {63F32FA1-3F34-3CA4-9AB2-7D613652A3DB}
		{936C9F10-4576-3D86-9484-8656B53008F3} = {936C9F10-4576-3D86-9484-8656B53008F3}
	EndProjectSection
EndProject
Project("{8BC9CEB8-8B4A-11D0-8D11-00A0C91BC942}") = "doxygen-deploy", "doxygen-deploy.vcxproj", "{182B4036-722D-3836-A545-0A23A5F4A5C6}"
	ProjectSection(ProjectDependencies) = postProject
		{63F32FA1-3F34-3CA4-9AB2-7D613652A3DB} = {63F32FA1-3F34-3CA4-9AB2-7D613652A3DB}
		{B5E3CAC2-9FF2-3A3D-8661-F7CAA39D4E4B} = {B5E3CAC2-9FF2-3A3D-8661-F7CAA39D4E4B}
	EndProjectSection
EndProject
Project("{8BC9CEB8-8B4A-11D0-8D11-00A0C91BC942}") = "format", "format.vcxproj", "{BD3E21E6-9247-3E07-98A6-3286833C3B3B}"
	ProjectSection(ProjectDependencies) = postProject
		{63F32FA1-3F34-3CA4-9AB2-7D613652A3DB} = {63F32FA1-3F34-3CA4-9AB2-7D613652A3DB}
	EndProjectSection
EndProject
Project("{8BC9CEB8-8B4A-11D0-8D11-00A0C91BC942}") = "format-lint", "format-lint.vcxproj", "{F5205E68-F121-3E07-80C4-F42D1B531E35}"
	ProjectSection(ProjectDependencies) = postProject
		{63F32FA1-3F34-3CA4-9AB2-7D613652A3DB} = {63F32FA1-3F34-3CA4-9AB2-7D613652A3DB}
	EndProjectSection
EndProject
Project("{8BC9CEB8-8B4A-11D0-8D11-00A0C91BC942}") = "hugo", "hugo.vcxproj", "{BFFA13D6-FB97-346C-A4B6-132FFBFAD867}"
	ProjectSection(ProjectDependencies) = postProject
		{63F32FA1-3F34-3CA4-9AB2-7D613652A3DB} = {63F32FA1-3F34-3CA4-9AB2-7D613652A3DB}
		{3BB52F7A-60FA-3440-B369-2995BD850BD2} = {3BB52F7A-60FA-3440-B369-2995BD850BD2}
	EndProjectSection
EndProject
Project("{8BC9CEB8-8B4A-11D0-8D11-00A0C91BC942}") = "hugo-deploy", "hugo-deploy.vcxproj", "{B001B05B-5AE6-309F-B7F1-220DBDA38191}"
	ProjectSection(ProjectDependencies) = postProject
		{63F32FA1-3F34-3CA4-9AB2-7D613652A3DB} = {63F32FA1-3F34-3CA4-9AB2-7D613652A3DB}
		{BFFA13D6-FB97-346C-A4B6-132FFBFAD867} = {BFFA13D6-FB97-346C-A4B6-132FFBFAD867}
	EndProjectSection
EndProject
Project("{8BC9CEB8-8B4A-11D0-8D11-00A0C91BC942}") = "hugo_dir", "hugo_dir.vcxproj", "{3BB52F7A-60FA-3440-B369-2995BD850BD2}"
	ProjectSection(ProjectDependencies) = postProject
		{63F32FA1-3F34-3CA4-9AB2-7D613652A3DB} = {63F32FA1-3F34-3CA4-9AB2-7D613652A3DB}
	EndProjectSection
EndProject
Project("{8BC9CEB8-8B4A-11D0-8D11-00A0C91BC942}") = "mongocxx", "src\mongocxx\mongocxx.vcxproj", "{CFC8DFA3-AE7A-3898-A59E-6A158EAF8E93}"
	ProjectSection(ProjectDependencies) = postProject
		{63F32FA1-3F34-3CA4-9AB2-7D613652A3DB} = {63F32FA1-3F34-3CA4-9AB2-7D613652A3DB}
		{FB1789F8-EE47-3088-983A-60707E24319D} = {FB1789F8-EE47-3088-983A-60707E24319D}
	EndProjectSection
EndProject
Project("{8BC9CEB8-8B4A-11D0-8D11-00A0C91BC942}") = "mongocxx_mocked", "src\mongocxx\mongocxx_mocked.vcxproj", "{2DA6102C-B8E5-383D-A42F-67E4D3920164}"
	ProjectSection(ProjectDependencies) = postProject
		{63F32FA1-3F34-3CA4-9AB2-7D613652A3DB} = {63F32FA1-3F34-3CA4-9AB2-7D613652A3DB}
		{FB1789F8-EE47-3088-983A-60707E24319D} = {FB1789F8-EE47-3088-983A-60707E24319D}
	EndProjectSection
EndProject
Project("{8BC9CEB8-8B4A-11D0-8D11-00A0C91BC942}") = "test_bson", "src\bsoncxx\test\test_bson.vcxproj", "{94008999-F3A9-3294-8993-2FE69D393333}"
	ProjectSection(ProjectDependencies) = postProject
		{63F32FA1-3F34-3CA4-9AB2-7D613652A3DB} = {63F32FA1-3F34-3CA4-9AB2-7D613652A3DB}
		{9605DC41-BC90-38D1-9C3F-5D18E1312B50} = {9605DC41-BC90-38D1-9C3F-5D18E1312B50}
	EndProjectSection
EndProject
Project("{8BC9CEB8-8B4A-11D0-8D11-00A0C91BC942}") = "test_crud_specs", "src\mongocxx\test\test_crud_specs.vcxproj", "{BA8C61C7-2815-358D-98AD-D22B42805E12}"
	ProjectSection(ProjectDependencies) = postProject
		{63F32FA1-3F34-3CA4-9AB2-7D613652A3DB} = {63F32FA1-3F34-3CA4-9AB2-7D613652A3DB}
		{FB1789F8-EE47-3088-983A-60707E24319D} = {FB1789F8-EE47-3088-983A-60707E24319D}
		{2DA6102C-B8E5-383D-A42F-67E4D3920164} = {2DA6102C-B8E5-383D-A42F-67E4D3920164}
	EndProjectSection
EndProject
Project("{8BC9CEB8-8B4A-11D0-8D11-00A0C91BC942}") = "test_driver", "src\mongocxx\test\test_driver.vcxproj", "{49E70E8C-80B1-3399-9414-4A8CA5F37D19}"
	ProjectSection(ProjectDependencies) = postProject
		{63F32FA1-3F34-3CA4-9AB2-7D613652A3DB} = {63F32FA1-3F34-3CA4-9AB2-7D613652A3DB}
		{FB1789F8-EE47-3088-983A-60707E24319D} = {FB1789F8-EE47-3088-983A-60707E24319D}
		{2DA6102C-B8E5-383D-A42F-67E4D3920164} = {2DA6102C-B8E5-383D-A42F-67E4D3920164}
	EndProjectSection
EndProject
Project("{8BC9CEB8-8B4A-11D0-8D11-00A0C91BC942}") = "test_gridfs_specs", "src\mongocxx\test\test_gridfs_specs.vcxproj", "{40D8C0ED-2E0A-3D7A-8D49-F06F3D434447}"
	ProjectSection(ProjectDependencies) = postProject
		{63F32FA1-3F34-3CA4-9AB2-7D613652A3DB} = {63F32FA1-3F34-3CA4-9AB2-7D613652A3DB}
		{FB1789F8-EE47-3088-983A-60707E24319D} = {FB1789F8-EE47-3088-983A-60707E24319D}
		{2DA6102C-B8E5-383D-A42F-67E4D3920164} = {2DA6102C-B8E5-383D-A42F-67E4D3920164}
	EndProjectSection
EndProject
Project("{8BC9CEB8-8B4A-11D0-8D11-00A0C91BC942}") = "test_instance", "src\mongocxx\test\test_instance.vcxproj", "{AC0DE759-F1B2-3F39-A0F3-D8AC32E84C9F}"
	ProjectSection(ProjectDependencies) = postProject
		{63F32FA1-3F34-3CA4-9AB2-7D613652A3DB} = {63F32FA1-3F34-3CA4-9AB2-7D613652A3DB}
		{FB1789F8-EE47-3088-983A-60707E24319D} = {FB1789F8-EE47-3088-983A-60707E24319D}
		{2DA6102C-B8E5-383D-A42F-67E4D3920164} = {2DA6102C-B8E5-383D-A42F-67E4D3920164}
	EndProjectSection
EndProject
Project("{8BC9CEB8-8B4A-11D0-8D11-00A0C91BC942}") = "test_logging", "src\mongocxx\test\test_logging.vcxproj", "{A1CDD244-A440-360E-874C-001B9D322875}"
	ProjectSection(ProjectDependencies) = postProject
		{63F32FA1-3F34-3CA4-9AB2-7D613652A3DB} = {63F32FA1-3F34-3CA4-9AB2-7D613652A3DB}
		{FB1789F8-EE47-3088-983A-60707E24319D} = {FB1789F8-EE47-3088-983A-60707E24319D}
		{2DA6102C-B8E5-383D-A42F-67E4D3920164} = {2DA6102C-B8E5-383D-A42F-67E4D3920164}
	EndProjectSection
EndProject
Global
	GlobalSection(SolutionConfigurationPlatforms) = preSolution
		Debug|Win32 = Debug|Win32
		Release|Win32 = Release|Win32
		MinSizeRel|Win32 = MinSizeRel|Win32
		RelWithDebInfo|Win32 = RelWithDebInfo|Win32
	EndGlobalSection
	GlobalSection(ProjectConfigurationPlatforms) = postSolution
		{3D9CBAFB-9504-3122-992B-428E5192F511}.Debug|Win32.ActiveCfg = Debug|Win32
		{3D9CBAFB-9504-3122-992B-428E5192F511}.Debug|Win32.Build.0 = Debug|Win32
		{3D9CBAFB-9504-3122-992B-428E5192F511}.Release|Win32.ActiveCfg = Release|Win32
		{3D9CBAFB-9504-3122-992B-428E5192F511}.Release|Win32.Build.0 = Release|Win32
		{3D9CBAFB-9504-3122-992B-428E5192F511}.MinSizeRel|Win32.ActiveCfg = MinSizeRel|Win32
		{3D9CBAFB-9504-3122-992B-428E5192F511}.MinSizeRel|Win32.Build.0 = MinSizeRel|Win32
		{3D9CBAFB-9504-3122-992B-428E5192F511}.RelWithDebInfo|Win32.ActiveCfg = RelWithDebInfo|Win32
		{3D9CBAFB-9504-3122-992B-428E5192F511}.RelWithDebInfo|Win32.Build.0 = RelWithDebInfo|Win32
		{D64BADCD-3769-3AF6-90B5-9EADB026AE14}.Debug|Win32.ActiveCfg = Debug|Win32
		{D64BADCD-3769-3AF6-90B5-9EADB026AE14}.Release|Win32.ActiveCfg = Release|Win32
		{D64BADCD-3769-3AF6-90B5-9EADB026AE14}.MinSizeRel|Win32.ActiveCfg = MinSizeRel|Win32
		{D64BADCD-3769-3AF6-90B5-9EADB026AE14}.RelWithDebInfo|Win32.ActiveCfg = RelWithDebInfo|Win32
		{60E2781F-CD18-3D79-A19A-F23A27E2F464}.Debug|Win32.ActiveCfg = Debug|Win32
		{60E2781F-CD18-3D79-A19A-F23A27E2F464}.Release|Win32.ActiveCfg = Release|Win32
		{60E2781F-CD18-3D79-A19A-F23A27E2F464}.MinSizeRel|Win32.ActiveCfg = MinSizeRel|Win32
		{60E2781F-CD18-3D79-A19A-F23A27E2F464}.RelWithDebInfo|Win32.ActiveCfg = RelWithDebInfo|Win32
		{63F32FA1-3F34-3CA4-9AB2-7D613652A3DB}.Debug|Win32.ActiveCfg = Debug|Win32
		{63F32FA1-3F34-3CA4-9AB2-7D613652A3DB}.Debug|Win32.Build.0 = Debug|Win32
		{63F32FA1-3F34-3CA4-9AB2-7D613652A3DB}.Release|Win32.ActiveCfg = Release|Win32
		{63F32FA1-3F34-3CA4-9AB2-7D613652A3DB}.Release|Win32.Build.0 = Release|Win32
		{63F32FA1-3F34-3CA4-9AB2-7D613652A3DB}.MinSizeRel|Win32.ActiveCfg = MinSizeRel|Win32
		{63F32FA1-3F34-3CA4-9AB2-7D613652A3DB}.MinSizeRel|Win32.Build.0 = MinSizeRel|Win32
		{63F32FA1-3F34-3CA4-9AB2-7D613652A3DB}.RelWithDebInfo|Win32.ActiveCfg = RelWithDebInfo|Win32
		{63F32FA1-3F34-3CA4-9AB2-7D613652A3DB}.RelWithDebInfo|Win32.Build.0 = RelWithDebInfo|Win32
		{FB1789F8-EE47-3088-983A-60707E24319D}.Debug|Win32.ActiveCfg = Debug|Win32
		{FB1789F8-EE47-3088-983A-60707E24319D}.Debug|Win32.Build.0 = Debug|Win32
		{FB1789F8-EE47-3088-983A-60707E24319D}.Release|Win32.ActiveCfg = Release|Win32
		{FB1789F8-EE47-3088-983A-60707E24319D}.Release|Win32.Build.0 = Release|Win32
		{FB1789F8-EE47-3088-983A-60707E24319D}.MinSizeRel|Win32.ActiveCfg = MinSizeRel|Win32
		{FB1789F8-EE47-3088-983A-60707E24319D}.MinSizeRel|Win32.Build.0 = MinSizeRel|Win32
		{FB1789F8-EE47-3088-983A-60707E24319D}.RelWithDebInfo|Win32.ActiveCfg = RelWithDebInfo|Win32
		{FB1789F8-EE47-3088-983A-60707E24319D}.RelWithDebInfo|Win32.Build.0 = RelWithDebInfo|Win32
		{9605DC41-BC90-38D1-9C3F-5D18E1312B50}.Debug|Win32.ActiveCfg = Debug|Win32
		{9605DC41-BC90-38D1-9C3F-5D18E1312B50}.Debug|Win32.Build.0 = Debug|Win32
		{9605DC41-BC90-38D1-9C3F-5D18E1312B50}.Release|Win32.ActiveCfg = Release|Win32
		{9605DC41-BC90-38D1-9C3F-5D18E1312B50}.Release|Win32.Build.0 = Release|Win32
		{9605DC41-BC90-38D1-9C3F-5D18E1312B50}.MinSizeRel|Win32.ActiveCfg = MinSizeRel|Win32
		{9605DC41-BC90-38D1-9C3F-5D18E1312B50}.MinSizeRel|Win32.Build.0 = MinSizeRel|Win32
		{9605DC41-BC90-38D1-9C3F-5D18E1312B50}.RelWithDebInfo|Win32.ActiveCfg = RelWithDebInfo|Win32
		{9605DC41-BC90-38D1-9C3F-5D18E1312B50}.RelWithDebInfo|Win32.Build.0 = RelWithDebInfo|Win32
		{D026891A-D554-34DA-84F6-08738AD93668}.Debug|Win32.ActiveCfg = Debug|Win32
		{D026891A-D554-34DA-84F6-08738AD93668}.Release|Win32.ActiveCfg = Release|Win32
		{D026891A-D554-34DA-84F6-08738AD93668}.MinSizeRel|Win32.ActiveCfg = MinSizeRel|Win32
		{D026891A-D554-34DA-84F6-08738AD93668}.RelWithDebInfo|Win32.ActiveCfg = RelWithDebInfo|Win32
		{936C9F10-4576-3D86-9484-8656B53008F3}.Debug|Win32.ActiveCfg = Debug|Win32
		{936C9F10-4576-3D86-9484-8656B53008F3}.Debug|Win32.Build.0 = Debug|Win32
		{936C9F10-4576-3D86-9484-8656B53008F3}.Release|Win32.ActiveCfg = Release|Win32
		{936C9F10-4576-3D86-9484-8656B53008F3}.Release|Win32.Build.0 = Release|Win32
		{936C9F10-4576-3D86-9484-8656B53008F3}.MinSizeRel|Win32.ActiveCfg = MinSizeRel|Win32
		{936C9F10-4576-3D86-9484-8656B53008F3}.MinSizeRel|Win32.Build.0 = MinSizeRel|Win32
		{936C9F10-4576-3D86-9484-8656B53008F3}.RelWithDebInfo|Win32.ActiveCfg = RelWithDebInfo|Win32
		{936C9F10-4576-3D86-9484-8656B53008F3}.RelWithDebInfo|Win32.Build.0 = RelWithDebInfo|Win32
		{B5E3CAC2-9FF2-3A3D-8661-F7CAA39D4E4B}.Debug|Win32.ActiveCfg = Debug|Win32
		{B5E3CAC2-9FF2-3A3D-8661-F7CAA39D4E4B}.Debug|Win32.Build.0 = Debug|Win32
		{B5E3CAC2-9FF2-3A3D-8661-F7CAA39D4E4B}.Release|Win32.ActiveCfg = Release|Win32
		{B5E3CAC2-9FF2-3A3D-8661-F7CAA39D4E4B}.Release|Win32.Build.0 = Release|Win32
		{B5E3CAC2-9FF2-3A3D-8661-F7CAA39D4E4B}.MinSizeRel|Win32.ActiveCfg = MinSizeRel|Win32
		{B5E3CAC2-9FF2-3A3D-8661-F7CAA39D4E4B}.MinSizeRel|Win32.Build.0 = MinSizeRel|Win32
		{B5E3CAC2-9FF2-3A3D-8661-F7CAA39D4E4B}.RelWithDebInfo|Win32.ActiveCfg = RelWithDebInfo|Win32
		{B5E3CAC2-9FF2-3A3D-8661-F7CAA39D4E4B}.RelWithDebInfo|Win32.Build.0 = RelWithDebInfo|Win32
		{7E4161FB-13C8-3599-972D-002FE7F88315}.Debug|Win32.ActiveCfg = Debug|Win32
		{7E4161FB-13C8-3599-972D-002FE7F88315}.Debug|Win32.Build.0 = Debug|Win32
		{7E4161FB-13C8-3599-972D-002FE7F88315}.Release|Win32.ActiveCfg = Release|Win32
		{7E4161FB-13C8-3599-972D-002FE7F88315}.Release|Win32.Build.0 = Release|Win32
		{7E4161FB-13C8-3599-972D-002FE7F88315}.MinSizeRel|Win32.ActiveCfg = MinSizeRel|Win32
		{7E4161FB-13C8-3599-972D-002FE7F88315}.MinSizeRel|Win32.Build.0 = MinSizeRel|Win32
		{7E4161FB-13C8-3599-972D-002FE7F88315}.RelWithDebInfo|Win32.ActiveCfg = RelWithDebInfo|Win32
		{7E4161FB-13C8-3599-972D-002FE7F88315}.RelWithDebInfo|Win32.Build.0 = RelWithDebInfo|Win32
		{182B4036-722D-3836-A545-0A23A5F4A5C6}.Debug|Win32.ActiveCfg = Debug|Win32
		{182B4036-722D-3836-A545-0A23A5F4A5C6}.Release|Win32.ActiveCfg = Release|Win32
		{182B4036-722D-3836-A545-0A23A5F4A5C6}.MinSizeRel|Win32.ActiveCfg = MinSizeRel|Win32
		{182B4036-722D-3836-A545-0A23A5F4A5C6}.RelWithDebInfo|Win32.ActiveCfg = RelWithDebInfo|Win32
		{BD3E21E6-9247-3E07-98A6-3286833C3B3B}.Debug|Win32.ActiveCfg = Debug|Win32
		{BD3E21E6-9247-3E07-98A6-3286833C3B3B}.Release|Win32.ActiveCfg = Release|Win32
		{BD3E21E6-9247-3E07-98A6-3286833C3B3B}.MinSizeRel|Win32.ActiveCfg = MinSizeRel|Win32
		{BD3E21E6-9247-3E07-98A6-3286833C3B3B}.RelWithDebInfo|Win32.ActiveCfg = RelWithDebInfo|Win32
		{F5205E68-F121-3E07-80C4-F42D1B531E35}.Debug|Win32.ActiveCfg = Debug|Win32
		{F5205E68-F121-3E07-80C4-F42D1B531E35}.Release|Win32.ActiveCfg = Release|Win32
		{F5205E68-F121-3E07-80C4-F42D1B531E35}.MinSizeRel|Win32.ActiveCfg = MinSizeRel|Win32
		{F5205E68-F121-3E07-80C4-F42D1B531E35}.RelWithDebInfo|Win32.ActiveCfg = RelWithDebInfo|Win32
		{BFFA13D6-FB97-346C-A4B6-132FFBFAD867}.Debug|Win32.ActiveCfg = Debug|Win32
		{BFFA13D6-FB97-346C-A4B6-132FFBFAD867}.Debug|Win32.Build.0 = Debug|Win32
		{BFFA13D6-FB97-346C-A4B6-132FFBFAD867}.Release|Win32.ActiveCfg = Release|Win32
		{BFFA13D6-FB97-346C-A4B6-132FFBFAD867}.Release|Win32.Build.0 = Release|Win32
		{BFFA13D6-FB97-346C-A4B6-132FFBFAD867}.MinSizeRel|Win32.ActiveCfg = MinSizeRel|Win32
		{BFFA13D6-FB97-346C-A4B6-132FFBFAD867}.MinSizeRel|Win32.Build.0 = MinSizeRel|Win32
		{BFFA13D6-FB97-346C-A4B6-132FFBFAD867}.RelWithDebInfo|Win32.ActiveCfg = RelWithDebInfo|Win32
		{BFFA13D6-FB97-346C-A4B6-132FFBFAD867}.RelWithDebInfo|Win32.Build.0 = RelWithDebInfo|Win32
		{B001B05B-5AE6-309F-B7F1-220DBDA38191}.Debug|Win32.ActiveCfg = Debug|Win32
		{B001B05B-5AE6-309F-B7F1-220DBDA38191}.Release|Win32.ActiveCfg = Release|Win32
		{B001B05B-5AE6-309F-B7F1-220DBDA38191}.MinSizeRel|Win32.ActiveCfg = MinSizeRel|Win32
		{B001B05B-5AE6-309F-B7F1-220DBDA38191}.RelWithDebInfo|Win32.ActiveCfg = RelWithDebInfo|Win32
		{3BB52F7A-60FA-3440-B369-2995BD850BD2}.Debug|Win32.ActiveCfg = Debug|Win32
		{3BB52F7A-60FA-3440-B369-2995BD850BD2}.Debug|Win32.Build.0 = Debug|Win32
		{3BB52F7A-60FA-3440-B369-2995BD850BD2}.Release|Win32.ActiveCfg = Release|Win32
		{3BB52F7A-60FA-3440-B369-2995BD850BD2}.Release|Win32.Build.0 = Release|Win32
		{3BB52F7A-60FA-3440-B369-2995BD850BD2}.MinSizeRel|Win32.ActiveCfg = MinSizeRel|Win32
		{3BB52F7A-60FA-3440-B369-2995BD850BD2}.MinSizeRel|Win32.Build.0 = MinSizeRel|Win32
		{3BB52F7A-60FA-3440-B369-2995BD850BD2}.RelWithDebInfo|Win32.ActiveCfg = RelWithDebInfo|Win32
		{3BB52F7A-60FA-3440-B369-2995BD850BD2}.RelWithDebInfo|Win32.Build.0 = RelWithDebInfo|Win32
		{CFC8DFA3-AE7A-3898-A59E-6A158EAF8E93}.Debug|Win32.ActiveCfg = Debug|Win32
		{CFC8DFA3-AE7A-3898-A59E-6A158EAF8E93}.Debug|Win32.Build.0 = Debug|Win32
		{CFC8DFA3-AE7A-3898-A59E-6A158EAF8E93}.Release|Win32.ActiveCfg = Release|Win32
		{CFC8DFA3-AE7A-3898-A59E-6A158EAF8E93}.Release|Win32.Build.0 = Release|Win32
		{CFC8DFA3-AE7A-3898-A59E-6A158EAF8E93}.MinSizeRel|Win32.ActiveCfg = MinSizeRel|Win32
		{CFC8DFA3-AE7A-3898-A59E-6A158EAF8E93}.MinSizeRel|Win32.Build.0 = MinSizeRel|Win32
		{CFC8DFA3-AE7A-3898-A59E-6A158EAF8E93}.RelWithDebInfo|Win32.ActiveCfg = RelWithDebInfo|Win32
		{CFC8DFA3-AE7A-3898-A59E-6A158EAF8E93}.RelWithDebInfo|Win32.Build.0 = RelWithDebInfo|Win32
		{2DA6102C-B8E5-383D-A42F-67E4D3920164}.Debug|Win32.ActiveCfg = Debug|Win32
		{2DA6102C-B8E5-383D-A42F-67E4D3920164}.Debug|Win32.Build.0 = Debug|Win32
		{2DA6102C-B8E5-383D-A42F-67E4D3920164}.Release|Win32.ActiveCfg = Release|Win32
		{2DA6102C-B8E5-383D-A42F-67E4D3920164}.Release|Win32.Build.0 = Release|Win32
		{2DA6102C-B8E5-383D-A42F-67E4D3920164}.MinSizeRel|Win32.ActiveCfg = MinSizeRel|Win32
		{2DA6102C-B8E5-383D-A42F-67E4D3920164}.MinSizeRel|Win32.Build.0 = MinSizeRel|Win32
		{2DA6102C-B8E5-383D-A42F-67E4D3920164}.RelWithDebInfo|Win32.ActiveCfg = RelWithDebInfo|Win32
		{2DA6102C-B8E5-383D-A42F-67E4D3920164}.RelWithDebInfo|Win32.Build.0 = RelWithDebInfo|Win32
		{94008999-F3A9-3294-8993-2FE69D393333}.Debug|Win32.ActiveCfg = Debug|Win32
		{94008999-F3A9-3294-8993-2FE69D393333}.Debug|Win32.Build.0 = Debug|Win32
		{94008999-F3A9-3294-8993-2FE69D393333}.Release|Win32.ActiveCfg = Release|Win32
		{94008999-F3A9-3294-8993-2FE69D393333}.Release|Win32.Build.0 = Release|Win32
		{94008999-F3A9-3294-8993-2FE69D393333}.MinSizeRel|Win32.ActiveCfg = MinSizeRel|Win32
		{94008999-F3A9-3294-8993-2FE69D393333}.MinSizeRel|Win32.Build.0 = MinSizeRel|Win32
		{94008999-F3A9-3294-8993-2FE69D393333}.RelWithDebInfo|Win32.ActiveCfg = RelWithDebInfo|Win32
		{94008999-F3A9-3294-8993-2FE69D393333}.RelWithDebInfo|Win32.Build.0 = RelWithDebInfo|Win32
		{BA8C61C7-2815-358D-98AD-D22B42805E12}.Debug|Win32.ActiveCfg = Debug|Win32
		{BA8C61C7-2815-358D-98AD-D22B42805E12}.Debug|Win32.Build.0 = Debug|Win32
		{BA8C61C7-2815-358D-98AD-D22B42805E12}.Release|Win32.ActiveCfg = Release|Win32
		{BA8C61C7-2815-358D-98AD-D22B42805E12}.Release|Win32.Build.0 = Release|Win32
		{BA8C61C7-2815-358D-98AD-D22B42805E12}.MinSizeRel|Win32.ActiveCfg = MinSizeRel|Win32
		{BA8C61C7-2815-358D-98AD-D22B42805E12}.MinSizeRel|Win32.Build.0 = MinSizeRel|Win32
		{BA8C61C7-2815-358D-98AD-D22B42805E12}.RelWithDebInfo|Win32.ActiveCfg = RelWithDebInfo|Win32
		{BA8C61C7-2815-358D-98AD-D22B42805E12}.RelWithDebInfo|Win32.Build.0 = RelWithDebInfo|Win32
		{49E70E8C-80B1-3399-9414-4A8CA5F37D19}.Debug|Win32.ActiveCfg = Debug|Win32
		{49E70E8C-80B1-3399-9414-4A8CA5F37D19}.Debug|Win32.Build.0 = Debug|Win32
		{49E70E8C-80B1-3399-9414-4A8CA5F37D19}.Release|Win32.ActiveCfg = Release|Win32
		{49E70E8C-80B1-3399-9414-4A8CA5F37D19}.Release|Win32.Build.0 = Release|Win32
		{49E70E8C-80B1-3399-9414-4A8CA5F37D19}.MinSizeRel|Win32.ActiveCfg = MinSizeRel|Win32
		{49E70E8C-80B1-3399-9414-4A8CA5F37D19}.MinSizeRel|Win32.Build.0 = MinSizeRel|Win32
		{49E70E8C-80B1-3399-9414-4A8CA5F37D19}.RelWithDebInfo|Win32.ActiveCfg = RelWithDebInfo|Win32
		{49E70E8C-80B1-3399-9414-4A8CA5F37D19}.RelWithDebInfo|Win32.Build.0 = RelWithDebInfo|Win32
		{40D8C0ED-2E0A-3D7A-8D49-F06F3D434447}.Debug|Win32.ActiveCfg = Debug|Win32
		{40D8C0ED-2E0A-3D7A-8D49-F06F3D434447}.Debug|Win32.Build.0 = Debug|Win32
		{40D8C0ED-2E0A-3D7A-8D49-F06F3D434447}.Release|Win32.ActiveCfg = Release|Win32
		{40D8C0ED-2E0A-3D7A-8D49-F06F3D434447}.Release|Win32.Build.0 = Release|Win32
		{40D8C0ED-2E0A-3D7A-8D49-F06F3D434447}.MinSizeRel|Win32.ActiveCfg = MinSizeRel|Win32
		{40D8C0ED-2E0A-3D7A-8D49-F06F3D434447}.MinSizeRel|Win32.Build.0 = MinSizeRel|Win32
		{40D8C0ED-2E0A-3D7A-8D49-F06F3D434447}.RelWithDebInfo|Win32.ActiveCfg = RelWithDebInfo|Win32
		{40D8C0ED-2E0A-3D7A-8D49-F06F3D434447}.RelWithDebInfo|Win32.Build.0 = RelWithDebInfo|Win32
		{AC0DE759-F1B2-3F39-A0F3-D8AC32E84C9F}.Debug|Win32.ActiveCfg = Debug|Win32
		{AC0DE759-F1B2-3F39-A0F3-D8AC32E84C9F}.Debug|Win32.Build.0 = Debug|Win32
		{AC0DE759-F1B2-3F39-A0F3-D8AC32E84C9F}.Release|Win32.ActiveCfg = Release|Win32
		{AC0DE759-F1B2-3F39-A0F3-D8AC32E84C9F}.Release|Win32.Build.0 = Release|Win32
		{AC0DE759-F1B2-3F39-A0F3-D8AC32E84C9F}.MinSizeRel|Win32.ActiveCfg = MinSizeRel|Win32
		{AC0DE759-F1B2-3F39-A0F3-D8AC32E84C9F}.MinSizeRel|Win32.Build.0 = MinSizeRel|Win32
		{AC0DE759-F1B2-3F39-A0F3-D8AC32E84C9F}.RelWithDebInfo|Win32.ActiveCfg = RelWithDebInfo|Win32
		{AC0DE759-F1B2-3F39-A0F3-D8AC32E84C9F}.RelWithDebInfo|Win32.Build.0 = RelWithDebInfo|Win32
		{A1CDD244-A440-360E-874C-001B9D322875}.Debug|Win32.ActiveCfg = Debug|Win32
		{A1CDD244-A440-360E-874C-001B9D322875}.Debug|Win32.Build.0 = Debug|Win32
		{A1CDD244-A440-360E-874C-001B9D322875}.Release|Win32.ActiveCfg = Release|Win32
		{A1CDD244-A440-360E-874C-001B9D322875}.Release|Win32.Build.0 = Release|Win32
		{A1CDD244-A440-360E-874C-001B9D322875}.MinSizeRel|Win32.ActiveCfg = MinSizeRel|Win32
		{A1CDD244-A440-360E-874C-001B9D322875}.MinSizeRel|Win32.Build.0 = MinSizeRel|Win32
		{A1CDD244-A440-360E-874C-001B9D322875}.RelWithDebInfo|Win32.ActiveCfg = RelWithDebInfo|Win32
		{A1CDD244-A440-360E-874C-001B9D322875}.RelWithDebInfo|Win32.Build.0 = RelWithDebInfo|Win32
	EndGlobalSection
	GlobalSection(ExtensibilityGlobals) = postSolution
		SolutionGuid = {A5E498E1-36C2-3C3D-95CF-5513D602909E}
	EndGlobalSection
	GlobalSection(ExtensibilityAddIns) = postSolution
	EndGlobalSection
EndGlobal
