<?xml version="1.0" encoding="UTF-8"?>
<Project ToolsVersion="15.0" xmlns="http://schemas.microsoft.com/developer/msbuild/2003">
  <ItemGroup>
    <ClCompile Include="E:\Source\Anrinch\InfiniteSky\third-party\mongo-cxx-driver\examples\bsoncxx\builder_stream.cpp">
      <Filter>Source Files</Filter>
    </ClCompile>
  </ItemGroup>
  <ItemGroup>
    <CustomBuild Include="E:\Source\Anrinch\InfiniteSky\third-party\mongo-cxx-driver\examples\bsoncxx\CMakeLists.txt" />
  </ItemGroup>
  <ItemGroup>
    <Filter Include="Source Files">
      <UniqueIdentifier>{F9C66349-9B3D-3C98-AEDB-01C81BC05B71}</UniqueIdentifier>
    </Filter>
  </ItemGroup>
</Project>
